// !$*UTF8*$!
{
	archiveVersion = 1;
	classes = {
	};
	objectVersion = 55;
	objects = {

/* Begin PBXBuildFile section */
		A73A373228999F1900BDDB5F /* HealthKit.framework in Frameworks */ = {isa = PBXBuildFile; fileRef = A73A373128999F1900BDDB5F /* HealthKit.framework */; };
		A76107572897834D0015ECC7 /* SwiftUIHealthKitApp.swift in Sources */ = {isa = PBXBuildFile; fileRef = A76107562897834D0015ECC7 /* SwiftUIHealthKitApp.swift */; };
		A76107592897834D0015ECC7 /* ContentView.swift in Sources */ = {isa = PBXBuildFile; fileRef = A76107582897834D0015ECC7 /* ContentView.swift */; };
		A761075B2897834F0015ECC7 /* Assets.xcassets in Resources */ = {isa = PBXBuildFile; fileRef = A761075A2897834F0015ECC7 /* Assets.xcassets */; };
		A761075E2897834F0015ECC7 /* Preview Assets.xcassets in Resources */ = {isa = PBXBuildFile; fileRef = A761075D2897834F0015ECC7 /* Preview Assets.xcassets */; };
		A76107682897834F0015ECC7 /* SwiftUIHealthKitTests.swift in Sources */ = {isa = PBXBuildFile; fileRef = A76107672897834F0015ECC7 /* SwiftUIHealthKitTests.swift */; };
		A7610772289783500015ECC7 /* SwiftUIHealthKitUITests.swift in Sources */ = {isa = PBXBuildFile; fileRef = A7610771289783500015ECC7 /* SwiftUIHealthKitUITests.swift */; };
		A7610774289783500015ECC7 /* SwiftUIHealthKitUITestsLaunchTests.swift in Sources */ = {isa = PBXBuildFile; fileRef = A7610773289783500015ECC7 /* SwiftUIHealthKitUITestsLaunchTests.swift */; };
		A7610786289786FF0015ECC7 /* ConnectionManagementView.swift in Sources */ = {isa = PBXBuildFile; fileRef = A7610785289786FF0015ECC7 /* ConnectionManagementView.swift */; };
		A761078C28978A2B0015ECC7 /* UserMedicalView.swift in Sources */ = {isa = PBXBuildFile; fileRef = A761078B28978A2B0015ECC7 /* UserMedicalView.swift */; };
		A7F2EF902897D424009B051B /* ConnectionManagementViewModel.swift in Sources */ = {isa = PBXBuildFile; fileRef = A7F2EF8F2897D424009B051B /* ConnectionManagementViewModel.swift */; };
		A7F2EF922897D449009B051B /* ViewModel.swift in Sources */ = {isa = PBXBuildFile; fileRef = A7F2EF912897D449009B051B /* ViewModel.swift */; };
		A7F2EF942897D4B1009B051B /* UserMedicalViewModel.swift in Sources */ = {isa = PBXBuildFile; fileRef = A7F2EF932897D4B1009B051B /* UserMedicalViewModel.swift */; };
		A7F2EF982897EDBB009B051B /* CustomTabbarView.swift in Sources */ = {isa = PBXBuildFile; fileRef = A7F2EF972897EDBB009B051B /* CustomTabbarView.swift */; };
		A7F2EF9B2897F133009B051B /* ApplicationView.swift in Sources */ = {isa = PBXBuildFile; fileRef = A7F2EF9A2897F133009B051B /* ApplicationView.swift */; };
		A7F2EF9E2897F209009B051B /* ImageAssets.swift in Sources */ = {isa = PBXBuildFile; fileRef = A7F2EF9D2897F209009B051B /* ImageAssets.swift */; };
		A7F2EFA42897F9BE009B051B /* Localizable.strings in Resources */ = {isa = PBXBuildFile; fileRef = A7F2EFA32897F9BE009B051B /* Localizable.strings */; };
		A7F2EFA628980D15009B051B /* String+Extension.swift in Sources */ = {isa = PBXBuildFile; fileRef = A7F2EFA528980D15009B051B /* String+Extension.swift */; };
		A7F2EFA8289812CB009B051B /* AppColor.swift in Sources */ = {isa = PBXBuildFile; fileRef = A7F2EFA7289812CB009B051B /* AppColor.swift */; };
		A7F2EFAE289830F1009B051B /* Color+Extension.swift in Sources */ = {isa = PBXBuildFile; fileRef = A7F2EFAD289830F1009B051B /* Color+Extension.swift */; };
		A7F2EFB028984E04009B051B /* HealthService.swift in Sources */ = {isa = PBXBuildFile; fileRef = A7F2EFAF28984E04009B051B /* HealthService.swift */; };
		A7F2EFB228984E25009B051B /* UserMedical.swift in Sources */ = {isa = PBXBuildFile; fileRef = A7F2EFB128984E25009B051B /* UserMedical.swift */; };
		A7F2EFB4289850A2009B051B /* AppleHealthService.swift in Sources */ = {isa = PBXBuildFile; fileRef = A7F2EFB3289850A2009B051B /* AppleHealthService.swift */; };
/* End PBXBuildFile section */

/* Begin PBXContainerItemProxy section */
		A76107642897834F0015ECC7 /* PBXContainerItemProxy */ = {
			isa = PBXContainerItemProxy;
			containerPortal = A761074B2897834D0015ECC7 /* Project object */;
			proxyType = 1;
			remoteGlobalIDString = A76107522897834D0015ECC7;
			remoteInfo = SwiftUIHealthKit;
		};
		A761076E289783500015ECC7 /* PBXContainerItemProxy */ = {
			isa = PBXContainerItemProxy;
			containerPortal = A761074B2897834D0015ECC7 /* Project object */;
			proxyType = 1;
			remoteGlobalIDString = A76107522897834D0015ECC7;
			remoteInfo = SwiftUIHealthKit;
		};
/* End PBXContainerItemProxy section */

/* Begin PBXFileReference section */
		A73A372E28996ADA00BDDB5F /* Info.plist */ = {isa = PBXFileReference; lastKnownFileType = text.plist; path = Info.plist; sourceTree = "<group>"; };
		A73A372F28999F1900BDDB5F /* SwiftUIHealthKit.entitlements */ = {isa = PBXFileReference; lastKnownFileType = text.plist.entitlements; path = SwiftUIHealthKit.entitlements; sourceTree = "<group>"; };
		A73A373128999F1900BDDB5F /* HealthKit.framework */ = {isa = PBXFileReference; lastKnownFileType = wrapper.framework; name = HealthKit.framework; path = System/Library/Frameworks/HealthKit.framework; sourceTree = SDKROOT; };
		A76107532897834D0015ECC7 /* SwiftUIHealthKit.app */ = {isa = PBXFileReference; explicitFileType = wrapper.application; includeInIndex = 0; path = SwiftUIHealthKit.app; sourceTree = BUILT_PRODUCTS_DIR; };
		A76107562897834D0015ECC7 /* SwiftUIHealthKitApp.swift */ = {isa = PBXFileReference; lastKnownFileType = sourcecode.swift; path = SwiftUIHealthKitApp.swift; sourceTree = "<group>"; };
		A76107582897834D0015ECC7 /* ContentView.swift */ = {isa = PBXFileReference; lastKnownFileType = sourcecode.swift; path = ContentView.swift; sourceTree = "<group>"; };
		A761075A2897834F0015ECC7 /* Assets.xcassets */ = {isa = PBXFileReference; lastKnownFileType = folder.assetcatalog; path = Assets.xcassets; sourceTree = "<group>"; };
		A761075D2897834F0015ECC7 /* Preview Assets.xcassets */ = {isa = PBXFileReference; lastKnownFileType = folder.assetcatalog; path = "Preview Assets.xcassets"; sourceTree = "<group>"; };
		A76107632897834F0015ECC7 /* SwiftUIHealthKitTests.xctest */ = {isa = PBXFileReference; explicitFileType = wrapper.cfbundle; includeInIndex = 0; path = SwiftUIHealthKitTests.xctest; sourceTree = BUILT_PRODUCTS_DIR; };
		A76107672897834F0015ECC7 /* SwiftUIHealthKitTests.swift */ = {isa = PBXFileReference; lastKnownFileType = sourcecode.swift; path = SwiftUIHealthKitTests.swift; sourceTree = "<group>"; };
		A761076D289783500015ECC7 /* SwiftUIHealthKitUITests.xctest */ = {isa = PBXFileReference; explicitFileType = wrapper.cfbundle; includeInIndex = 0; path = SwiftUIHealthKitUITests.xctest; sourceTree = BUILT_PRODUCTS_DIR; };
		A7610771289783500015ECC7 /* SwiftUIHealthKitUITests.swift */ = {isa = PBXFileReference; lastKnownFileType = sourcecode.swift; path = SwiftUIHealthKitUITests.swift; sourceTree = "<group>"; };
		A7610773289783500015ECC7 /* SwiftUIHealthKitUITestsLaunchTests.swift */ = {isa = PBXFileReference; lastKnownFileType = sourcecode.swift; path = SwiftUIHealthKitUITestsLaunchTests.swift; sourceTree = "<group>"; };
		A7610785289786FF0015ECC7 /* ConnectionManagementView.swift */ = {isa = PBXFileReference; lastKnownFileType = sourcecode.swift; path = ConnectionManagementView.swift; sourceTree = "<group>"; };
		A761078B28978A2B0015ECC7 /* UserMedicalView.swift */ = {isa = PBXFileReference; lastKnownFileType = sourcecode.swift; path = UserMedicalView.swift; sourceTree = "<group>"; };
		A7F2EF8F2897D424009B051B /* ConnectionManagementViewModel.swift */ = {isa = PBXFileReference; lastKnownFileType = sourcecode.swift; path = ConnectionManagementViewModel.swift; sourceTree = "<group>"; };
		A7F2EF912897D449009B051B /* ViewModel.swift */ = {isa = PBXFileReference; lastKnownFileType = sourcecode.swift; path = ViewModel.swift; sourceTree = "<group>"; };
		A7F2EF932897D4B1009B051B /* UserMedicalViewModel.swift */ = {isa = PBXFileReference; lastKnownFileType = sourcecode.swift; path = UserMedicalViewModel.swift; sourceTree = "<group>"; };
		A7F2EF972897EDBB009B051B /* CustomTabbarView.swift */ = {isa = PBXFileReference; lastKnownFileType = sourcecode.swift; path = CustomTabbarView.swift; sourceTree = "<group>"; };
		A7F2EF9A2897F133009B051B /* ApplicationView.swift */ = {isa = PBXFileReference; lastKnownFileType = sourcecode.swift; path = ApplicationView.swift; sourceTree = "<group>"; };
		A7F2EF9D2897F209009B051B /* ImageAssets.swift */ = {isa = PBXFileReference; lastKnownFileType = sourcecode.swift; path = ImageAssets.swift; sourceTree = "<group>"; };
		A7F2EFA32897F9BE009B051B /* Localizable.strings */ = {isa = PBXFileReference; lastKnownFileType = text.plist.strings; path = Localizable.strings; sourceTree = "<group>"; };
		A7F2EFA528980D15009B051B /* String+Extension.swift */ = {isa = PBXFileReference; lastKnownFileType = sourcecode.swift; path = "String+Extension.swift"; sourceTree = "<group>"; };
		A7F2EFA7289812CB009B051B /* AppColor.swift */ = {isa = PBXFileReference; lastKnownFileType = sourcecode.swift; path = AppColor.swift; sourceTree = "<group>"; };
		A7F2EFAD289830F1009B051B /* Color+Extension.swift */ = {isa = PBXFileReference; lastKnownFileType = sourcecode.swift; path = "Color+Extension.swift"; sourceTree = "<group>"; };
		A7F2EFAF28984E04009B051B /* HealthService.swift */ = {isa = PBXFileReference; lastKnownFileType = sourcecode.swift; path = HealthService.swift; sourceTree = "<group>"; };
		A7F2EFB128984E25009B051B /* UserMedical.swift */ = {isa = PBXFileReference; lastKnownFileType = sourcecode.swift; path = UserMedical.swift; sourceTree = "<group>"; };
		A7F2EFB3289850A2009B051B /* AppleHealthService.swift */ = {isa = PBXFileReference; lastKnownFileType = sourcecode.swift; path = AppleHealthService.swift; sourceTree = "<group>"; };
/* End PBXFileReference section */

/* Begin PBXFrameworksBuildPhase section */
		A76107502897834D0015ECC7 /* Frameworks */ = {
			isa = PBXFrameworksBuildPhase;
			buildActionMask = 2147483647;
			files = (
				A73A373228999F1900BDDB5F /* HealthKit.framework in Frameworks */,
			);
			runOnlyForDeploymentPostprocessing = 0;
		};
		A76107602897834F0015ECC7 /* Frameworks */ = {
			isa = PBXFrameworksBuildPhase;
			buildActionMask = 2147483647;
			files = (
			);
			runOnlyForDeploymentPostprocessing = 0;
		};
		A761076A289783500015ECC7 /* Frameworks */ = {
			isa = PBXFrameworksBuildPhase;
			buildActionMask = 2147483647;
			files = (
			);
			runOnlyForDeploymentPostprocessing = 0;
		};
/* End PBXFrameworksBuildPhase section */

/* Begin PBXGroup section */
		A73A373028999F1900BDDB5F /* Frameworks */ = {
			isa = PBXGroup;
			children = (
				A73A373128999F1900BDDB5F /* HealthKit.framework */,
			);
			name = Frameworks;
			sourceTree = "<group>";
		};
		A761074A2897834D0015ECC7 = {
			isa = PBXGroup;
			children = (
				A76107552897834D0015ECC7 /* SwiftUIHealthKit */,
				A76107662897834F0015ECC7 /* SwiftUIHealthKitTests */,
				A7610770289783500015ECC7 /* SwiftUIHealthKitUITests */,
				A76107542897834D0015ECC7 /* Products */,
				A73A373028999F1900BDDB5F /* Frameworks */,
			);
			sourceTree = "<group>";
		};
		A76107542897834D0015ECC7 /* Products */ = {
			isa = PBXGroup;
			children = (
				A76107532897834D0015ECC7 /* SwiftUIHealthKit.app */,
				A76107632897834F0015ECC7 /* SwiftUIHealthKitTests.xctest */,
				A761076D289783500015ECC7 /* SwiftUIHealthKitUITests.xctest */,
			);
			name = Products;
			sourceTree = "<group>";
		};
		A76107552897834D0015ECC7 /* SwiftUIHealthKit */ = {
			isa = PBXGroup;
			children = (
				A73A372F28999F1900BDDB5F /* SwiftUIHealthKit.entitlements */,
				A73A372E28996ADA00BDDB5F /* Info.plist */,
				A7F2EFA22897F9A1009B051B /* Resources */,
				A7F2EF9F2897F35F009B051B /* Extensions */,
				A7F2EF9C2897F1EE009B051B /* Constants */,
				A7610787289787470015ECC7 /* Services */,
				A7610782289785280015ECC7 /* Common */,
				A7610781289785190015ECC7 /* Models */,
				A7610780289783980015ECC7 /* Modules */,
				A76107562897834D0015ECC7 /* SwiftUIHealthKitApp.swift */,
				A76107582897834D0015ECC7 /* ContentView.swift */,
				A761075A2897834F0015ECC7 /* Assets.xcassets */,
				A761075C2897834F0015ECC7 /* Preview Content */,
			);
			path = SwiftUIHealthKit;
			sourceTree = "<group>";
		};
		A761075C2897834F0015ECC7 /* Preview Content */ = {
			isa = PBXGroup;
			children = (
				A761075D2897834F0015ECC7 /* Preview Assets.xcassets */,
			);
			path = "Preview Content";
			sourceTree = "<group>";
		};
		A76107662897834F0015ECC7 /* SwiftUIHealthKitTests */ = {
			isa = PBXGroup;
			children = (
				A76107672897834F0015ECC7 /* SwiftUIHealthKitTests.swift */,
			);
			path = SwiftUIHealthKitTests;
			sourceTree = "<group>";
		};
		A7610770289783500015ECC7 /* SwiftUIHealthKitUITests */ = {
			isa = PBXGroup;
			children = (
				A7610771289783500015ECC7 /* SwiftUIHealthKitUITests.swift */,
				A7610773289783500015ECC7 /* SwiftUIHealthKitUITestsLaunchTests.swift */,
			);
			path = SwiftUIHealthKitUITests;
			sourceTree = "<group>";
		};
		A7610780289783980015ECC7 /* Modules */ = {
			isa = PBXGroup;
			children = (
				A761078A289788DE0015ECC7 /* UserMedical */,
				A76107892897876A0015ECC7 /* ConnectionManagement */,
			);
			path = Modules;
			sourceTree = "<group>";
		};
		A7610781289785190015ECC7 /* Models */ = {
			isa = PBXGroup;
			children = (
				A7F2EFB128984E25009B051B /* UserMedical.swift */,
			);
			path = Models;
			sourceTree = "<group>";
		};
		A7610782289785280015ECC7 /* Common */ = {
			isa = PBXGroup;
			children = (
				A7F2EF912897D449009B051B /* ViewModel.swift */,
				A7F2EF972897EDBB009B051B /* CustomTabbarView.swift */,
			);
			path = Common;
			sourceTree = "<group>";
		};
		A7610787289787470015ECC7 /* Services */ = {
			isa = PBXGroup;
			children = (
				A7F2EFAF28984E04009B051B /* HealthService.swift */,
				A7F2EFB3289850A2009B051B /* AppleHealthService.swift */,
			);
			path = Services;
			sourceTree = "<group>";
		};
		A76107892897876A0015ECC7 /* ConnectionManagement */ = {
			isa = PBXGroup;
			children = (
				A7F2EF992897F11C009B051B /* Views */,
				A7610785289786FF0015ECC7 /* ConnectionManagementView.swift */,
				A7F2EF8F2897D424009B051B /* ConnectionManagementViewModel.swift */,
			);
			path = ConnectionManagement;
			sourceTree = "<group>";
		};
		A761078A289788DE0015ECC7 /* UserMedical */ = {
			isa = PBXGroup;
			children = (
				A761078B28978A2B0015ECC7 /* UserMedicalView.swift */,
				A7F2EF932897D4B1009B051B /* UserMedicalViewModel.swift */,
			);
			path = UserMedical;
			sourceTree = "<group>";
		};
		A7F2EF992897F11C009B051B /* Views */ = {
			isa = PBXGroup;
			children = (
				A7F2EF9A2897F133009B051B /* ApplicationView.swift */,
			);
			path = Views;
			sourceTree = "<group>";
		};
		A7F2EF9C2897F1EE009B051B /* Constants */ = {
			isa = PBXGroup;
			children = (
				A7F2EF9D2897F209009B051B /* ImageAssets.swift */,
				A7F2EFA7289812CB009B051B /* AppColor.swift */,
			);
			path = Constants;
			sourceTree = "<group>";
		};
		A7F2EF9F2897F35F009B051B /* Extensions */ = {
			isa = PBXGroup;
			children = (
				A7F2EFA528980D15009B051B /* String+Extension.swift */,
				A7F2EFAD289830F1009B051B /* Color+Extension.swift */,
			);
			path = Extensions;
			sourceTree = "<group>";
		};
		A7F2EFA22897F9A1009B051B /* Resources */ = {
			isa = PBXGroup;
			children = (
				A7F2EFA32897F9BE009B051B /* Localizable.strings */,
			);
			path = Resources;
			sourceTree = "<group>";
		};
/* End PBXGroup section */

/* Begin PBXNativeTarget section */
		A76107522897834D0015ECC7 /* SwiftUIHealthKit */ = {
			isa = PBXNativeTarget;
			buildConfigurationList = A7610777289783500015ECC7 /* Build configuration list for PBXNativeTarget "SwiftUIHealthKit" */;
			buildPhases = (
				A761074F2897834D0015ECC7 /* Sources */,
				A76107502897834D0015ECC7 /* Frameworks */,
				A76107512897834D0015ECC7 /* Resources */,
			);
			buildRules = (
			);
			dependencies = (
			);
			name = SwiftUIHealthKit;
			productName = SwiftUIHealthKit;
			productReference = A76107532897834D0015ECC7 /* SwiftUIHealthKit.app */;
			productType = "com.apple.product-type.application";
		};
		A76107622897834F0015ECC7 /* SwiftUIHealthKitTests */ = {
			isa = PBXNativeTarget;
			buildConfigurationList = A761077A289783500015ECC7 /* Build configuration list for PBXNativeTarget "SwiftUIHealthKitTests" */;
			buildPhases = (
				A761075F2897834F0015ECC7 /* Sources */,
				A76107602897834F0015ECC7 /* Frameworks */,
				A76107612897834F0015ECC7 /* Resources */,
			);
			buildRules = (
			);
			dependencies = (
				A76107652897834F0015ECC7 /* PBXTargetDependency */,
			);
			name = SwiftUIHealthKitTests;
			productName = SwiftUIHealthKitTests;
			productReference = A76107632897834F0015ECC7 /* SwiftUIHealthKitTests.xctest */;
			productType = "com.apple.product-type.bundle.unit-test";
		};
		A761076C289783500015ECC7 /* SwiftUIHealthKitUITests */ = {
			isa = PBXNativeTarget;
			buildConfigurationList = A761077D289783500015ECC7 /* Build configuration list for PBXNativeTarget "SwiftUIHealthKitUITests" */;
			buildPhases = (
				A7610769289783500015ECC7 /* Sources */,
				A761076A289783500015ECC7 /* Frameworks */,
				A761076B289783500015ECC7 /* Resources */,
			);
			buildRules = (
			);
			dependencies = (
				A761076F289783500015ECC7 /* PBXTargetDependency */,
			);
			name = SwiftUIHealthKitUITests;
			productName = SwiftUIHealthKitUITests;
			productReference = A761076D289783500015ECC7 /* SwiftUIHealthKitUITests.xctest */;
			productType = "com.apple.product-type.bundle.ui-testing";
		};
/* End PBXNativeTarget section */

/* Begin PBXProject section */
		A761074B2897834D0015ECC7 /* Project object */ = {
			isa = PBXProject;
			attributes = {
				BuildIndependentTargetsInParallel = 1;
				LastSwiftUpdateCheck = 1340;
				LastUpgradeCheck = 1340;
				TargetAttributes = {
					A76107522897834D0015ECC7 = {
						CreatedOnToolsVersion = 13.4.1;
					};
					A76107622897834F0015ECC7 = {
						CreatedOnToolsVersion = 13.4.1;
						TestTargetID = A76107522897834D0015ECC7;
					};
					A761076C289783500015ECC7 = {
						CreatedOnToolsVersion = 13.4.1;
						TestTargetID = A76107522897834D0015ECC7;
					};
				};
			};
			buildConfigurationList = A761074E2897834D0015ECC7 /* Build configuration list for PBXProject "SwiftUIHealthKit" */;
			compatibilityVersion = "Xcode 13.0";
			developmentRegion = en;
			hasScannedForEncodings = 0;
			knownRegions = (
				en,
				Base,
			);
			mainGroup = A761074A2897834D0015ECC7;
			productRefGroup = A76107542897834D0015ECC7 /* Products */;
			projectDirPath = "";
			projectRoot = "";
			targets = (
				A76107522897834D0015ECC7 /* SwiftUIHealthKit */,
				A76107622897834F0015ECC7 /* SwiftUIHealthKitTests */,
				A761076C289783500015ECC7 /* SwiftUIHealthKitUITests */,
			);
		};
/* End PBXProject section */

/* Begin PBXResourcesBuildPhase section */
		A76107512897834D0015ECC7 /* Resources */ = {
			isa = PBXResourcesBuildPhase;
			buildActionMask = 2147483647;
			files = (
				A761075E2897834F0015ECC7 /* Preview Assets.xcassets in Resources */,
				A7F2EFA42897F9BE009B051B /* Localizable.strings in Resources */,
				A761075B2897834F0015ECC7 /* Assets.xcassets in Resources */,
			);
			runOnlyForDeploymentPostprocessing = 0;
		};
		A76107612897834F0015ECC7 /* Resources */ = {
			isa = PBXResourcesBuildPhase;
			buildActionMask = 2147483647;
			files = (
			);
			runOnlyForDeploymentPostprocessing = 0;
		};
		A761076B289783500015ECC7 /* Resources */ = {
			isa = PBXResourcesBuildPhase;
			buildActionMask = 2147483647;
			files = (
			);
			runOnlyForDeploymentPostprocessing = 0;
		};
/* End PBXResourcesBuildPhase section */

/* Begin PBXSourcesBuildPhase section */
		A761074F2897834D0015ECC7 /* Sources */ = {
			isa = PBXSourcesBuildPhase;
			buildActionMask = 2147483647;
			files = (
				A7F2EF9E2897F209009B051B /* ImageAssets.swift in Sources */,
				A7F2EFAE289830F1009B051B /* Color+Extension.swift in Sources */,
				A7F2EFB228984E25009B051B /* UserMedical.swift in Sources */,
				A7F2EFA628980D15009B051B /* String+Extension.swift in Sources */,
				A76107592897834D0015ECC7 /* ContentView.swift in Sources */,
				A761078C28978A2B0015ECC7 /* UserMedicalView.swift in Sources */,
				A7F2EF942897D4B1009B051B /* UserMedicalViewModel.swift in Sources */,
				A7F2EFA8289812CB009B051B /* AppColor.swift in Sources */,
				A7F2EF982897EDBB009B051B /* CustomTabbarView.swift in Sources */,
				A7F2EF902897D424009B051B /* ConnectionManagementViewModel.swift in Sources */,
				A7F2EF9B2897F133009B051B /* ApplicationView.swift in Sources */,
				A7610786289786FF0015ECC7 /* ConnectionManagementView.swift in Sources */,
				A7F2EFB4289850A2009B051B /* AppleHealthService.swift in Sources */,
				A7F2EFB028984E04009B051B /* HealthService.swift in Sources */,
				A7F2EF922897D449009B051B /* ViewModel.swift in Sources */,
				A76107572897834D0015ECC7 /* SwiftUIHealthKitApp.swift in Sources */,
			);
			runOnlyForDeploymentPostprocessing = 0;
		};
		A761075F2897834F0015ECC7 /* Sources */ = {
			isa = PBXSourcesBuildPhase;
			buildActionMask = 2147483647;
			files = (
				A76107682897834F0015ECC7 /* SwiftUIHealthKitTests.swift in Sources */,
			);
			runOnlyForDeploymentPostprocessing = 0;
		};
		A7610769289783500015ECC7 /* Sources */ = {
			isa = PBXSourcesBuildPhase;
			buildActionMask = 2147483647;
			files = (
				A7610772289783500015ECC7 /* SwiftUIHealthKitUITests.swift in Sources */,
				A7610774289783500015ECC7 /* SwiftUIHealthKitUITestsLaunchTests.swift in Sources */,
			);
			runOnlyForDeploymentPostprocessing = 0;
		};
/* End PBXSourcesBuildPhase section */

/* Begin PBXTargetDependency section */
		A76107652897834F0015ECC7 /* PBXTargetDependency */ = {
			isa = PBXTargetDependency;
			target = A76107522897834D0015ECC7 /* SwiftUIHealthKit */;
			targetProxy = A76107642897834F0015ECC7 /* PBXContainerItemProxy */;
		};
		A761076F289783500015ECC7 /* PBXTargetDependency */ = {
			isa = PBXTargetDependency;
			target = A76107522897834D0015ECC7 /* SwiftUIHealthKit */;
			targetProxy = A761076E289783500015ECC7 /* PBXContainerItemProxy */;
		};
/* End PBXTargetDependency section */

/* Begin XCBuildConfiguration section */
		A7610775289783500015ECC7 /* Debug */ = {
			isa = XCBuildConfiguration;
			buildSettings = {
				ALWAYS_SEARCH_USER_PATHS = NO;
				CLANG_ANALYZER_NONNULL = YES;
				CLANG_ANALYZER_NUMBER_OBJECT_CONVERSION = YES_AGGRESSIVE;
				CLANG_CXX_LANGUAGE_STANDARD = "gnu++17";
				CLANG_ENABLE_MODULES = YES;
				CLANG_ENABLE_OBJC_ARC = YES;
				CLANG_ENABLE_OBJC_WEAK = YES;
				CLANG_WARN_BLOCK_CAPTURE_AUTORELEASING = YES;
				CLANG_WARN_BOOL_CONVERSION = YES;
				CLANG_WARN_COMMA = YES;
				CLANG_WARN_CONSTANT_CONVERSION = YES;
				CLANG_WARN_DEPRECATED_OBJC_IMPLEMENTATIONS = YES;
				CLANG_WARN_DIRECT_OBJC_ISA_USAGE = YES_ERROR;
				CLANG_WARN_DOCUMENTATION_COMMENTS = YES;
				CLANG_WARN_EMPTY_BODY = YES;
				CLANG_WARN_ENUM_CONVERSION = YES;
				CLANG_WARN_INFINITE_RECURSION = YES;
				CLANG_WARN_INT_CONVERSION = YES;
				CLANG_WARN_NON_LITERAL_NULL_CONVERSION = YES;
				CLANG_WARN_OBJC_IMPLICIT_RETAIN_SELF = YES;
				CLANG_WARN_OBJC_LITERAL_CONVERSION = YES;
				CLANG_WARN_OBJC_ROOT_CLASS = YES_ERROR;
				CLANG_WARN_QUOTED_INCLUDE_IN_FRAMEWORK_HEADER = YES;
				CLANG_WARN_RANGE_LOOP_ANALYSIS = YES;
				CLANG_WARN_STRICT_PROTOTYPES = YES;
				CLANG_WARN_SUSPICIOUS_MOVE = YES;
				CLANG_WARN_UNGUARDED_AVAILABILITY = YES_AGGRESSIVE;
				CLANG_WARN_UNREACHABLE_CODE = YES;
				CLANG_WARN__DUPLICATE_METHOD_MATCH = YES;
				COPY_PHASE_STRIP = NO;
				DEBUG_INFORMATION_FORMAT = dwarf;
				ENABLE_STRICT_OBJC_MSGSEND = YES;
				ENABLE_TESTABILITY = YES;
				GCC_C_LANGUAGE_STANDARD = gnu11;
				GCC_DYNAMIC_NO_PIC = NO;
				GCC_NO_COMMON_BLOCKS = YES;
				GCC_OPTIMIZATION_LEVEL = 0;
				GCC_PREPROCESSOR_DEFINITIONS = (
					"DEBUG=1",
					"$(inherited)",
				);
				GCC_WARN_64_TO_32_BIT_CONVERSION = YES;
				GCC_WARN_ABOUT_RETURN_TYPE = YES_ERROR;
				GCC_WARN_UNDECLARED_SELECTOR = YES;
				GCC_WARN_UNINITIALIZED_AUTOS = YES_AGGRESSIVE;
				GCC_WARN_UNUSED_FUNCTION = YES;
				GCC_WARN_UNUSED_VARIABLE = YES;
				IPHONEOS_DEPLOYMENT_TARGET = 15.5;
				MTL_ENABLE_DEBUG_INFO = INCLUDE_SOURCE;
				MTL_FAST_MATH = YES;
				ONLY_ACTIVE_ARCH = YES;
				SDKROOT = iphoneos;
				SWIFT_ACTIVE_COMPILATION_CONDITIONS = DEBUG;
				SWIFT_OPTIMIZATION_LEVEL = "-Onone";
			};
			name = Debug;
		};
		A7610776289783500015ECC7 /* Release */ = {
			isa = XCBuildConfiguration;
			buildSettings = {
				ALWAYS_SEARCH_USER_PATHS = NO;
				CLANG_ANALYZER_NONNULL = YES;
				CLANG_ANALYZER_NUMBER_OBJECT_CONVERSION = YES_AGGRESSIVE;
				CLANG_CXX_LANGUAGE_STANDARD = "gnu++17";
				CLANG_ENABLE_MODULES = YES;
				CLANG_ENABLE_OBJC_ARC = YES;
				CLANG_ENABLE_OBJC_WEAK = YES;
				CLANG_WARN_BLOCK_CAPTURE_AUTORELEASING = YES;
				CLANG_WARN_BOOL_CONVERSION = YES;
				CLANG_WARN_COMMA = YES;
				CLANG_WARN_CONSTANT_CONVERSION = YES;
				CLANG_WARN_DEPRECATED_OBJC_IMPLEMENTATIONS = YES;
				CLANG_WARN_DIRECT_OBJC_ISA_USAGE = YES_ERROR;
				CLANG_WARN_DOCUMENTATION_COMMENTS = YES;
				CLANG_WARN_EMPTY_BODY = YES;
				CLANG_WARN_ENUM_CONVERSION = YES;
				CLANG_WARN_INFINITE_RECURSION = YES;
				CLANG_WARN_INT_CONVERSION = YES;
				CLANG_WARN_NON_LITERAL_NULL_CONVERSION = YES;
				CLANG_WARN_OBJC_IMPLICIT_RETAIN_SELF = YES;
				CLANG_WARN_OBJC_LITERAL_CONVERSION = YES;
				CLANG_WARN_OBJC_ROOT_CLASS = YES_ERROR;
				CLANG_WARN_QUOTED_INCLUDE_IN_FRAMEWORK_HEADER = YES;
				CLANG_WARN_RANGE_LOOP_ANALYSIS = YES;
				CLANG_WARN_STRICT_PROTOTYPES = YES;
				CLANG_WARN_SUSPICIOUS_MOVE = YES;
				CLANG_WARN_UNGUARDED_AVAILABILITY = YES_AGGRESSIVE;
				CLANG_WARN_UNREACHABLE_CODE = YES;
				CLANG_WARN__DUPLICATE_METHOD_MATCH = YES;
				COPY_PHASE_STRIP = NO;
				DEBUG_INFORMATION_FORMAT = "dwarf-with-dsym";
				ENABLE_NS_ASSERTIONS = NO;
				ENABLE_STRICT_OBJC_MSGSEND = YES;
				GCC_C_LANGUAGE_STANDARD = gnu11;
				GCC_NO_COMMON_BLOCKS = YES;
				GCC_WARN_64_TO_32_BIT_CONVERSION = YES;
				GCC_WARN_ABOUT_RETURN_TYPE = YES_ERROR;
				GCC_WARN_UNDECLARED_SELECTOR = YES;
				GCC_WARN_UNINITIALIZED_AUTOS = YES_AGGRESSIVE;
				GCC_WARN_UNUSED_FUNCTION = YES;
				GCC_WARN_UNUSED_VARIABLE = YES;
				IPHONEOS_DEPLOYMENT_TARGET = 15.5;
				MTL_ENABLE_DEBUG_INFO = NO;
				MTL_FAST_MATH = YES;
				SDKROOT = iphoneos;
				SWIFT_COMPILATION_MODE = wholemodule;
				SWIFT_OPTIMIZATION_LEVEL = "-O";
				VALIDATE_PRODUCT = YES;
			};
			name = Release;
		};
		A7610778289783500015ECC7 /* Debug */ = {
			isa = XCBuildConfiguration;
			buildSettings = {
				ASSETCATALOG_COMPILER_APPICON_NAME = AppIcon;
				ASSETCATALOG_COMPILER_GLOBAL_ACCENT_COLOR_NAME = AccentColor;
				CODE_SIGN_ENTITLEMENTS = SwiftUIHealthKit/SwiftUIHealthKit.entitlements;
				CODE_SIGN_STYLE = Automatic;
				CURRENT_PROJECT_VERSION = 1;
				DEVELOPMENT_ASSET_PATHS = "\"SwiftUIHealthKit/Preview Content\"";
				DEVELOPMENT_TEAM = 4YSWKH3E3X;
				ENABLE_PREVIEWS = YES;
				GENERATE_INFOPLIST_FILE = YES;
				INFOPLIST_FILE = SwiftUIHealthKit/Info.plist;
				INFOPLIST_KEY_NSHealthClinicalHealthRecordsShareUsageDescription = "We will use your health information to better experiences";
				INFOPLIST_KEY_NSHealthShareUsageDescription = "We will use your health information to better experiences";
				INFOPLIST_KEY_UIApplicationSceneManifest_Generation = YES;
				INFOPLIST_KEY_UIApplicationSupportsIndirectInputEvents = YES;
				INFOPLIST_KEY_UILaunchScreen_Generation = YES;
				INFOPLIST_KEY_UISupportedInterfaceOrientations_iPad = "UIInterfaceOrientationPortrait UIInterfaceOrientationPortraitUpsideDown UIInterfaceOrientationLandscapeLeft UIInterfaceOrientationLandscapeRight";
				INFOPLIST_KEY_UISupportedInterfaceOrientations_iPhone = "UIInterfaceOrientationPortrait UIInterfaceOrientationLandscapeLeft UIInterfaceOrientationLandscapeRight";
				LD_RUNPATH_SEARCH_PATHS = (
					"$(inherited)",
					"@executable_path/Frameworks",
				);
				MARKETING_VERSION = 1.0;
				PRODUCT_BUNDLE_IDENTIFIER = com.swiftui.healthkit;
				PRODUCT_NAME = "$(TARGET_NAME)";
				SWIFT_EMIT_LOC_STRINGS = YES;
				SWIFT_VERSION = 5.0;
				TARGETED_DEVICE_FAMILY = "1,2";
			};
			name = Debug;
		};
		A7610779289783500015ECC7 /* Release */ = {
			isa = XCBuildConfiguration;
			buildSettings = {
				ASSETCATALOG_COMPILER_APPICON_NAME = AppIcon;
				ASSETCATALOG_COMPILER_GLOBAL_ACCENT_COLOR_NAME = AccentColor;
				CODE_SIGN_ENTITLEMENTS = SwiftUIHealthKit/SwiftUIHealthKit.entitlements;
				CODE_SIGN_STYLE = Automatic;
				CURRENT_PROJECT_VERSION = 1;
				DEVELOPMENT_ASSET_PATHS = "\"SwiftUIHealthKit/Preview Content\"";
				DEVELOPMENT_TEAM = 4YSWKH3E3X;
				ENABLE_PREVIEWS = YES;
				GENERATE_INFOPLIST_FILE = YES;
				INFOPLIST_FILE = SwiftUIHealthKit/Info.plist;
				INFOPLIST_KEY_NSHealthClinicalHealthRecordsShareUsageDescription = "We will use your health information to better experiences";
				INFOPLIST_KEY_NSHealthShareUsageDescription = "We will use your health information to better experiences";
				INFOPLIST_KEY_UIApplicationSceneManifest_Generation = YES;
				INFOPLIST_KEY_UIApplicationSupportsIndirectInputEvents = YES;
				INFOPLIST_KEY_UILaunchScreen_Generation = YES;
				INFOPLIST_KEY_UISupportedInterfaceOrientations_iPad = "UIInterfaceOrientationPortrait UIInterfaceOrientationPortraitUpsideDown UIInterfaceOrientationLandscapeLeft UIInterfaceOrientationLandscapeRight";
				INFOPLIST_KEY_UISupportedInterfaceOrientations_iPhone = "UIInterfaceOrientationPortrait UIInterfaceOrientationLandscapeLeft UIInterfaceOrientationLandscapeRight";
				LD_RUNPATH_SEARCH_PATHS = (
					"$(inherited)",
					"@executable_path/Frameworks",
				);
				MARKETING_VERSION = 1.0;
				PRODUCT_BUNDLE_IDENTIFIER = com.swiftui.healthkit;
				PRODUCT_NAME = "$(TARGET_NAME)";
				SWIFT_EMIT_LOC_STRINGS = YES;
				SWIFT_VERSION = 5.0;
				TARGETED_DEVICE_FAMILY = "1,2";
			};
			name = Release;
		};
		A761077B289783500015ECC7 /* Debug */ = {
			isa = XCBuildConfiguration;
			buildSettings = {
				ALWAYS_EMBED_SWIFT_STANDARD_LIBRARIES = YES;
				BUNDLE_LOADER = "$(TEST_HOST)";
				CODE_SIGN_STYLE = Automatic;
				CURRENT_PROJECT_VERSION = 1;
				DEVELOPMENT_TEAM = 4YSWKH3E3X;
				GENERATE_INFOPLIST_FILE = YES;
				IPHONEOS_DEPLOYMENT_TARGET = 15.5;
				MARKETING_VERSION = 1.0;
				PRODUCT_BUNDLE_IDENTIFIER = test.dquang.SwiftUIHealthKitTests;
				PRODUCT_NAME = "$(TARGET_NAME)";
				SWIFT_EMIT_LOC_STRINGS = NO;
				SWIFT_VERSION = 5.0;
				TARGETED_DEVICE_FAMILY = "1,2";
				TEST_HOST = "$(BUILT_PRODUCTS_DIR)/SwiftUIHealthKit.app/SwiftUIHealthKit";
			};
			name = Debug;
		};
		A761077C289783500015ECC7 /* Release */ = {
			isa = XCBuildConfiguration;
			buildSettings = {
				ALWAYS_EMBED_SWIFT_STANDARD_LIBRARIES = YES;
				BUNDLE_LOADER = "$(TEST_HOST)";
				CODE_SIGN_STYLE = Automatic;
				CURRENT_PROJECT_VERSION = 1;
				DEVELOPMENT_TEAM = 4YSWKH3E3X;
				GENERATE_INFOPLIST_FILE = YES;
				IPHONEOS_DEPLOYMENT_TARGET = 15.5;
				MARKETING_VERSION = 1.0;
				PRODUCT_BUNDLE_IDENTIFIER = test.dquang.SwiftUIHealthKitTests;
				PRODUCT_NAME = "$(TARGET_NAME)";
				SWIFT_EMIT_LOC_STRINGS = NO;
				SWIFT_VERSION = 5.0;
				TARGETED_DEVICE_FAMILY = "1,2";
				TEST_HOST = "$(BUILT_PRODUCTS_DIR)/SwiftUIHealthKit.app/SwiftUIHealthKit";
			};
			name = Release;
		};
		A761077E289783500015ECC7 /* Debug */ = {
			isa = XCBuildConfiguration;
			buildSettings = {
				ALWAYS_EMBED_SWIFT_STANDARD_LIBRARIES = YES;
				CODE_SIGN_STYLE = Automatic;
				CURRENT_PROJECT_VERSION = 1;
				DEVELOPMENT_TEAM = 4YSWKH3E3X;
				GENERATE_INFOPLIST_FILE = YES;
				MARKETING_VERSION = 1.0;
				PRODUCT_BUNDLE_IDENTIFIER = test.dquang.SwiftUIHealthKitUITests;
				PRODUCT_NAME = "$(TARGET_NAME)";
				SWIFT_EMIT_LOC_STRINGS = NO;
				SWIFT_VERSION = 5.0;
				TARGETED_DEVICE_FAMILY = "1,2";
				TEST_TARGET_NAME = SwiftUIHealthKit;
			};
			name = Debug;
		};
		A761077F289783500015ECC7 /* Release */ = {
			isa = XCBuildConfiguration;
			buildSettings = {
				ALWAYS_EMBED_SWIFT_STANDARD_LIBRARIES = YES;
				CODE_SIGN_STYLE = Automatic;
				CURRENT_PROJECT_VERSION = 1;
				DEVELOPMENT_TEAM = 4YSWKH3E3X;
				GENERATE_INFOPLIST_FILE = YES;
				MARKETING_VERSION = 1.0;
				PRODUCT_BUNDLE_IDENTIFIER = test.dquang.SwiftUIHealthKitUITests;
				PRODUCT_NAME = "$(TARGET_NAME)";
				SWIFT_EMIT_LOC_STRINGS = NO;
				SWIFT_VERSION = 5.0;
				TARGETED_DEVICE_FAMILY = "1,2";
				TEST_TARGET_NAME = SwiftUIHealthKit;
			};
			name = Release;
		};
/* End XCBuildConfiguration section */

/* Begin XCConfigurationList section */
		A761074E2897834D0015ECC7 /* Build configuration list for PBXProject "SwiftUIHealthKit" */ = {
			isa = XCConfigurationList;
			buildConfigurations = (
				A7610775289783500015ECC7 /* Debug */,
				A7610776289783500015ECC7 /* Release */,
			);
			defaultConfigurationIsVisible = 0;
			defaultConfigurationName = Release;
		};
		A7610777289783500015ECC7 /* Build configuration list for PBXNativeTarget "SwiftUIHealthKit" */ = {
			isa = XCConfigurationList;
			buildConfigurations = (
				A7610778289783500015ECC7 /* Debug */,
				A7610779289783500015ECC7 /* Release */,
			);
			defaultConfigurationIsVisible = 0;
			defaultConfigurationName = Release;
		};
		A761077A289783500015ECC7 /* Build configuration list for PBXNativeTarget "SwiftUIHealthKitTests" */ = {
			isa = XCConfigurationList;
			buildConfigurations = (
				A761077B289783500015ECC7 /* Debug */,
				A761077C289783500015ECC7 /* Release */,
			);
			defaultConfigurationIsVisible = 0;
			defaultConfigurationName = Release;
		};
		A761077D289783500015ECC7 /* Build configuration list for PBXNativeTarget "SwiftUIHealthKitUITests" */ = {
			isa = XCConfigurationList;
			buildConfigurations = (
				A761077E289783500015ECC7 /* Debug */,
				A761077F289783500015ECC7 /* Release */,
			);
			defaultConfigurationIsVisible = 0;
			defaultConfigurationName = Release;
		};
/* End XCConfigurationList section */
	};
	rootObject = A761074B2897834D0015ECC7 /* Project object */;
}
